
Microsoft Visual Studio Solution File, Format Version 12.00
# Visual Studio Version 17
VisualStudioVersion = 17.11.35312.102
MinimumVisualStudioVersion = 10.0.40219.1
Project("{FAE04EC0-301F-11D3-BF4B-00C04F79EFBC}") = "GenericsIndexers_Demo", "GenericsIndexers_Demo.csproj", "{9F05914B-0219-4651-B786-EF4FB04B65AE}"
EndProject
Global
	GlobalSection(SolutionConfigurationPlatforms) = preSolution
		Debug|Any CPU = Debug|Any CPU
		Release|Any CPU = Release|Any CPU
	EndGlobalSection
	GlobalSection(ProjectConfigurationPlatforms) = postSolution
		{9F05914B-0219-4651-B786-EF4FB04B65AE}.Debug|Any CPU.ActiveCfg = Debug|Any CPU
		{9F05914B-0219-4651-B786-EF4FB04B65AE}.Debug|Any CPU.Build.0 = Debug|Any CPU
		{9F05914B-0219-4651-B786-EF4FB04B65AE}.Release|Any CPU.ActiveCfg = Release|Any CPU
		{9F05914B-0219-4651-B786-EF4FB04B65AE}.Release|Any CPU.Build.0 = Release|Any CPU
	EndGlobalSection
	GlobalSection(SolutionProperties) = preSolution
		HideSolutionNode = FALSE
	EndGlobalSection
	GlobalSection(ExtensibilityGlobals) = postSolution
		SolutionGuid = {4143502B-AA7A-4E61-B959-01E269F834AA}
	EndGlobalSection
EndGlobal
