
Microsoft Visual Studio Solution File, Format Version 12.00
# Visual Studio Version 17
VisualStudioVersion = 17.11.35312.102
MinimumVisualStudioVersion = 10.0.40219.1
Project("{FAE04EC0-301F-11D3-BF4B-00C04F79EFBC}") = "RecursionWorksheet", "RecursionWorksheet.csproj", "{700598DF-E2B3-49F3-ABC5-83D5CFC22BB2}"
EndProject
Global
	GlobalSection(SolutionConfigurationPlatforms) = preSolution
		Debug|Any CPU = Debug|Any CPU
		Release|Any CPU = Release|Any CPU
	EndGlobalSection
	GlobalSection(ProjectConfigurationPlatforms) = postSolution
		{700598DF-E2B3-49F3-ABC5-83D5CFC22BB2}.Debug|Any CPU.ActiveCfg = Debug|Any CPU
		{700598DF-E2B3-49F3-ABC5-83D5CFC22BB2}.Debug|Any CPU.Build.0 = Debug|Any CPU
		{700598DF-E2B3-49F3-ABC5-83D5CFC22BB2}.Release|Any CPU.ActiveCfg = Release|Any CPU
		{700598DF-E2B3-49F3-ABC5-83D5CFC22BB2}.Release|Any CPU.Build.0 = Release|Any CPU
	EndGlobalSection
	GlobalSection(SolutionProperties) = preSolution
		HideSolutionNode = FALSE
	EndGlobalSection
	GlobalSection(ExtensibilityGlobals) = postSolution
		SolutionGuid = {45166CF5-BB8F-4492-BE2C-D7A36B220AA7}
	EndGlobalSection
EndGlobal
